{
  "name": "natours",
  "version": "1.0.0",
  "lockfileVersion": 2,
  "requires": true,
  "packages": {
    "": {
      "name": "natours",
      "version": "1.0.0",
      "license": "ISC",
      "devDependencies": {
        "node-sass": "npm:undefined@^"
      }
    },
    "node_modules/abbrev": {
      "extraneous": true
    },
    "node_modules/ajv": {
      "extraneous": true
    },
    "node_modules/amdefine": {
      "extraneous": true
    },
    "node_modules/ansi-regex": {
      "extraneous": true
    },
    "node_modules/ansi-styles": {
      "extraneous": true
    },
    "node_modules/aproba": {
      "extraneous": true
    },
    "node_modules/are-we-there-yet": {
      "extraneous": true
    },
    "node_modules/array-find-index": {
      "extraneous": true
    },
    "node_modules/asn1": {
      "extraneous": true
    },
    "node_modules/assert-plus": {
      "extraneous": true
    },
    "node_modules/async-foreach": {
      "extraneous": true
    },
    "node_modules/asynckit": {
      "extraneous": true
    },
    "node_modules/aws-sign2": {
      "extraneous": true
    },
    "node_modules/aws4": {
      "extraneous": true
    },
    "node_modules/balanced-match": {
      "extraneous": true
    },
    "node_modules/bcrypt-pbkdf": {
      "extraneous": true
    },
    "node_modules/brace-expansion": {
      "extraneous": true
    },
    "node_modules/camelcase": {
      "extraneous": true
    },
    "node_modules/camelcase-keys": {
      "extraneous": true
    },
    "node_modules/caseless": {
      "extraneous": true
    },
    "node_modules/chalk": {
      "extraneous": true
    },
    "node_modules/chownr": {
      "extraneous": true
    },
    "node_modules/cliui": {
      "extraneous": true
    },
    "node_modules/cliui/node_modules/ansi-regex": {
      "extraneous": true
    },
    "node_modules/cliui/node_modules/is-fullwidth-code-point": {
      "extraneous": true
    },
    "node_modules/cliui/node_modules/string-width": {
      "extraneous": true
    },
    "node_modules/cliui/node_modules/strip-ansi": {
      "extraneous": true
    },
    "node_modules/code-point-at": {
      "extraneous": true
    },
    "node_modules/color-convert": {
      "extraneous": true
    },
    "node_modules/color-name": {
      "extraneous": true
    },
    "node_modules/combined-stream": {
      "extraneous": true
    },
    "node_modules/concat-map": {
      "extraneous": true
    },
    "node_modules/console-control-strings": {
      "extraneous": true
    },
    "node_modules/core-util-is": {
      "extraneous": true
    },
    "node_modules/cross-spawn": {
      "extraneous": true
    },
    "node_modules/currently-unhandled": {
      "extraneous": true
    },
    "node_modules/dashdash": {
      "extraneous": true
    },
    "node_modules/decamelize": {
      "extraneous": true
    },
    "node_modules/delayed-stream": {
      "extraneous": true
    },
    "node_modules/delegates": {
      "extraneous": true
    },
    "node_modules/ecc-jsbn": {
      "extraneous": true
    },
    "node_modules/emoji-regex": {
      "extraneous": true
    },
    "node_modules/env-paths": {
      "extraneous": true
    },
    "node_modules/error-ex": {
      "extraneous": true
    },
    "node_modules/escape-string-regexp": {
      "extraneous": true
    },
    "node_modules/extend": {
      "extraneous": true
    },
    "node_modules/extsprintf": {
      "extraneous": true
    },
    "node_modules/fast-deep-equal": {
      "extraneous": true
    },
    "node_modules/fast-json-stable-stringify": {
      "extraneous": true
    },
    "node_modules/find-up": {
      "extraneous": true
    },
    "node_modules/forever-agent": {
      "extraneous": true
    },
    "node_modules/form-data": {
      "extraneous": true
    },
    "node_modules/fs-minipass": {
      "extraneous": true
    },
    "node_modules/fs.realpath": {
      "extraneous": true
    },
    "node_modules/function-bind": {
      "extraneous": true
    },
    "node_modules/gauge": {
      "extraneous": true
    },
    "node_modules/gaze": {
      "extraneous": true
    },
    "node_modules/get-caller-file": {
      "extraneous": true
    },
    "node_modules/get-stdin": {
      "extraneous": true
    },
    "node_modules/getpass": {
      "extraneous": true
    },
    "node_modules/glob": {
      "extraneous": true
    },
    "node_modules/globule": {
      "extraneous": true
    },
    "node_modules/graceful-fs": {
      "extraneous": true
    },
    "node_modules/har-schema": {
      "extraneous": true
    },
    "node_modules/har-validator": {
      "extraneous": true
    },
    "node_modules/has": {
      "extraneous": true
    },
    "node_modules/has-ansi": {
      "extraneous": true
    },
    "node_modules/has-unicode": {
      "extraneous": true
    },
    "node_modules/hosted-git-info": {
      "extraneous": true
    },
    "node_modules/http-signature": {
      "extraneous": true
    },
    "node_modules/indent-string": {
      "extraneous": true
    },
    "node_modules/inflight": {
      "extraneous": true
    },
    "node_modules/inherits": {
      "extraneous": true
    },
    "node_modules/is-arrayish": {
      "extraneous": true
    },
    "node_modules/is-core-module": {
      "extraneous": true
    },
    "node_modules/is-finite": {
      "extraneous": true
    },
    "node_modules/is-fullwidth-code-point": {
      "extraneous": true
    },
    "node_modules/is-typedarray": {
      "extraneous": true
    },
    "node_modules/is-utf8": {
      "extraneous": true
    },
    "node_modules/isarray": {
      "extraneous": true
    },
    "node_modules/isexe": {
      "extraneous": true
    },
    "node_modules/isstream": {
      "extraneous": true
    },
    "node_modules/js-base64": {
      "extraneous": true
    },
    "node_modules/jsbn": {
      "extraneous": true
    },
    "node_modules/json-schema": {
      "extraneous": true
    },
    "node_modules/json-schema-traverse": {
      "extraneous": true
    },
    "node_modules/json-stringify-safe": {
      "extraneous": true
    },
    "node_modules/jsprim": {
      "extraneous": true
    },
    "node_modules/load-json-file": {
      "extraneous": true
    },
    "node_modules/locate-path": {
      "extraneous": true
    },
    "node_modules/locate-path/node_modules/path-exists": {
      "extraneous": true
    },
    "node_modules/lodash": {
      "extraneous": true
    },
    "node_modules/loud-rejection": {
      "extraneous": true
    },
    "node_modules/lru-cache": {
      "extraneous": true
    },
    "node_modules/map-obj": {
      "extraneous": true
    },
    "node_modules/meow": {
      "extraneous": true
    },
    "node_modules/mime-db": {
      "extraneous": true
    },
    "node_modules/mime-types": {
      "extraneous": true
    },
    "node_modules/minimatch": {
      "extraneous": true
    },
    "node_modules/minimist": {
      "extraneous": true
    },
    "node_modules/minipass": {
      "extraneous": true
    },
    "node_modules/minizlib": {
      "extraneous": true
    },
    "node_modules/mkdirp": {
      "extraneous": true
    },
    "node_modules/nan": {
      "extraneous": true
    },
    "node_modules/node-gyp": {
      "extraneous": true
    },
    "node_modules/node-sass": {
      "dev": true
    },
    "node_modules/nopt": {
      "extraneous": true
    },
    "node_modules/normalize-package-data": {
      "extraneous": true
    },
    "node_modules/normalize-package-data/node_modules/semver": {
      "extraneous": true
    },
    "node_modules/npmlog": {
      "extraneous": true
    },
    "node_modules/number-is-nan": {
      "extraneous": true
    },
    "node_modules/oauth-sign": {
      "extraneous": true
    },
    "node_modules/object-assign": {
      "extraneous": true
    },
    "node_modules/once": {
      "extraneous": true
    },
    "node_modules/p-limit": {
      "extraneous": true
    },
    "node_modules/p-locate": {
      "extraneous": true
    },
    "node_modules/p-try": {
      "extraneous": true
    },
    "node_modules/parse-json": {
      "extraneous": true
    },
    "node_modules/path-exists": {
      "extraneous": true
    },
    "node_modules/path-is-absolute": {
      "extraneous": true
    },
    "node_modules/path-key": {
      "extraneous": true
    },
    "node_modules/path-parse": {
      "extraneous": true
    },
    "node_modules/path-type": {
      "extraneous": true
    },
    "node_modules/performance-now": {
      "extraneous": true
    },
    "node_modules/pify": {
      "extraneous": true
    },
    "node_modules/pinkie": {
      "extraneous": true
    },
    "node_modules/pinkie-promise": {
      "extraneous": true
    },
    "node_modules/process-nextick-args": {
      "extraneous": true
    },
    "node_modules/psl": {
      "extraneous": true
    },
    "node_modules/punycode": {
      "extraneous": true
    },
    "node_modules/qs": {
      "extraneous": true
    },
    "node_modules/read-pkg": {
      "extraneous": true
    },
    "node_modules/read-pkg-up": {
      "extraneous": true
    },
    "node_modules/readable-stream": {
      "extraneous": true
    },
    "node_modules/redent": {
      "extraneous": true
    },
    "node_modules/repeating": {
      "extraneous": true
    },
    "node_modules/request": {
      "extraneous": true
    },
    "node_modules/require-directory": {
      "extraneous": true
    },
    "node_modules/require-main-filename": {
      "extraneous": true
    },
    "node_modules/resolve": {
      "extraneous": true
    },
    "node_modules/rimraf": {
      "extraneous": true
    },
    "node_modules/safe-buffer": {
      "extraneous": true
    },
    "node_modules/safer-buffer": {
      "extraneous": true
    },
    "node_modules/sass-graph": {
      "extraneous": true
    },
    "node_modules/scss-tokenizer": {
      "extraneous": true
    },
    "node_modules/semver": {
      "extraneous": true
    },
    "node_modules/set-blocking": {
      "extraneous": true
    },
    "node_modules/shebang-command": {
      "extraneous": true
    },
    "node_modules/shebang-regex": {
      "extraneous": true
    },
    "node_modules/signal-exit": {
      "extraneous": true
    },
    "node_modules/source-map": {
      "extraneous": true
    },
    "node_modules/spdx-correct": {
      "extraneous": true
    },
    "node_modules/spdx-exceptions": {
      "extraneous": true
    },
    "node_modules/spdx-expression-parse": {
      "extraneous": true
    },
    "node_modules/spdx-license-ids": {
      "extraneous": true
    },
    "node_modules/sshpk": {
      "extraneous": true
    },
    "node_modules/stdout-stream": {
      "extraneous": true
    },
    "node_modules/string_decoder": {
      "extraneous": true
    },
    "node_modules/string-width": {
      "extraneous": true
    },
    "node_modules/strip-ansi": {
      "extraneous": true
    },
    "node_modules/strip-bom": {
      "extraneous": true
    },
    "node_modules/strip-indent": {
      "extraneous": true
    },
    "node_modules/supports-color": {
      "extraneous": true
    },
    "node_modules/tar": {
      "extraneous": true
    },
    "node_modules/tar/node_modules/mkdirp": {
      "extraneous": true
    },
    "node_modules/tough-cookie": {
      "extraneous": true
    },
    "node_modules/trim-newlines": {
      "extraneous": true
    },
    "node_modules/true-case-path": {
      "extraneous": true
    },
    "node_modules/tunnel-agent": {
      "extraneous": true
    },
    "node_modules/tweetnacl": {
      "extraneous": true
    },
    "node_modules/uri-js": {
      "extraneous": true
    },
    "node_modules/util-deprecate": {
      "extraneous": true
    },
    "node_modules/uuid": {
      "extraneous": true
    },
    "node_modules/validate-npm-package-license": {
      "extraneous": true
    },
    "node_modules/verror": {
      "extraneous": true
    },
    "node_modules/which": {
      "extraneous": true
    },
    "node_modules/which-module": {
      "extraneous": true
    },
    "node_modules/wide-align": {
      "extraneous": true
    },
    "node_modules/wrap-ansi": {
      "extraneous": true
    },
    "node_modules/wrap-ansi/node_modules/ansi-regex": {
      "extraneous": true
    },
    "node_modules/wrap-ansi/node_modules/ansi-styles": {
      "extraneous": true
    },
    "node_modules/wrap-ansi/node_modules/is-fullwidth-code-point": {
      "extraneous": true
    },
    "node_modules/wrap-ansi/node_modules/string-width": {
      "extraneous": true
    },
    "node_modules/wrap-ansi/node_modules/strip-ansi": {
      "extraneous": true
    },
    "node_modules/wrappy": {
      "extraneous": true
    },
    "node_modules/y18n": {
      "extraneous": true
    },
    "node_modules/yallist": {
      "extraneous": true
    },
    "node_modules/yargs": {
      "extraneous": true
    },
    "node_modules/yargs-parser": {
      "extraneous": true
    },
    "node_modules/yargs-parser/node_modules/camelcase": {
      "extraneous": true
    },
    "node_modules/yargs/node_modules/ansi-regex": {
      "extraneous": true
    },
    "node_modules/yargs/node_modules/find-up": {
      "extraneous": true
    },
    "node_modules/yargs/node_modules/is-fullwidth-code-point": {
      "extraneous": true
    },
    "node_modules/yargs/node_modules/string-width": {
      "extraneous": true
    },
    "node_modules/yargs/node_modules/strip-ansi": {
      "extraneous": true
    }
  },
  "dependencies": {
    "abbrev": {
      "extraneous": true
    },
    "ajv": {
      "extraneous": true
    },
    "amdefine": {
      "extraneous": true
    },
    "ansi-regex": {
      "extraneous": true
    },
    "ansi-styles": {
      "extraneous": true
    },
    "aproba": {
      "extraneous": true
    },
    "are-we-there-yet": {
      "extraneous": true
    },
    "array-find-index": {
      "extraneous": true
    },
    "asn1": {
      "extraneous": true
    },
    "assert-plus": {
      "extraneous": true
    },
    "async-foreach": {
      "extraneous": true
    },
    "asynckit": {
      "extraneous": true
    },
    "aws-sign2": {
      "extraneous": true
    },
    "aws4": {
      "extraneous": true
    },
    "balanced-match": {
      "extraneous": true
    },
    "bcrypt-pbkdf": {
      "extraneous": true
    },
    "brace-expansion": {
      "extraneous": true
    },
    "camelcase": {
      "extraneous": true
    },
    "camelcase-keys": {
      "extraneous": true
    },
    "caseless": {
      "extraneous": true
    },
    "chalk": {
      "extraneous": true
    },
    "chownr": {
      "extraneous": true
    },
    "cliui": {
      "extraneous": true,
      "dependencies": {
        "ansi-regex": {
          "extraneous": true
        },
        "is-fullwidth-code-point": {
          "extraneous": true
        },
        "string-width": {
          "extraneous": true
        },
        "strip-ansi": {
          "extraneous": true
        }
      }
    },
    "code-point-at": {
      "extraneous": true
    },
    "color-convert": {
      "extraneous": true
    },
    "color-name": {
      "extraneous": true
    },
    "combined-stream": {
      "extraneous": true
    },
    "concat-map": {
      "extraneous": true
    },
    "console-control-strings": {
      "extraneous": true
    },
    "core-util-is": {
      "extraneous": true
    },
    "cross-spawn": {
      "extraneous": true
    },
    "currently-unhandled": {
      "extraneous": true
    },
    "dashdash": {
      "extraneous": true
    },
    "decamelize": {
      "extraneous": true
    },
    "delayed-stream": {
      "extraneous": true
    },
    "delegates": {
      "extraneous": true
    },
    "ecc-jsbn": {
      "extraneous": true
    },
    "emoji-regex": {
      "extraneous": true
    },
    "env-paths": {
      "extraneous": true
    },
    "error-ex": {
      "extraneous": true
    },
    "escape-string-regexp": {
      "extraneous": true
    },
    "extend": {
      "extraneous": true
    },
    "extsprintf": {
      "extraneous": true
    },
    "fast-deep-equal": {
      "extraneous": true
    },
    "fast-json-stable-stringify": {
      "extraneous": true
    },
    "find-up": {
      "extraneous": true
    },
    "forever-agent": {
      "extraneous": true
    },
    "form-data": {
      "extraneous": true
    },
    "fs-minipass": {
      "extraneous": true
    },
    "fs.realpath": {
      "extraneous": true
    },
    "function-bind": {
      "extraneous": true
    },
    "gauge": {
      "extraneous": true
    },
    "gaze": {
      "extraneous": true
    },
    "get-caller-file": {
      "extraneous": true
    },
    "get-stdin": {
      "extraneous": true
    },
    "getpass": {
      "extraneous": true
    },
    "glob": {
      "extraneous": true
    },
    "globule": {
      "extraneous": true
    },
    "graceful-fs": {
      "extraneous": true
    },
    "har-schema": {
      "extraneous": true
    },
    "har-validator": {
      "extraneous": true
    },
    "has": {
      "extraneous": true
    },
    "has-ansi": {
      "extraneous": true
    },
    "has-unicode": {
      "extraneous": true
    },
    "hosted-git-info": {
      "extraneous": true
    },
    "http-signature": {
      "extraneous": true
    },
    "indent-string": {
      "extraneous": true
    },
    "inflight": {
      "extraneous": true
    },
    "inherits": {
      "extraneous": true
    },
    "is-arrayish": {
      "extraneous": true
    },
    "is-core-module": {
      "extraneous": true
    },
    "is-finite": {
      "extraneous": true
    },
    "is-fullwidth-code-point": {
      "extraneous": true
    },
    "is-typedarray": {
      "extraneous": true
    },
    "is-utf8": {
      "extraneous": true
    },
    "isarray": {
      "extraneous": true
    },
    "isexe": {
      "extraneous": true
    },
    "isstream": {
      "extraneous": true
    },
    "js-base64": {
      "extraneous": true
    },
    "jsbn": {
      "extraneous": true
    },
    "json-schema": {
      "extraneous": true
    },
    "json-schema-traverse": {
      "extraneous": true
    },
    "json-stringify-safe": {
      "extraneous": true
    },
    "jsprim": {
      "extraneous": true
    },
    "load-json-file": {
      "extraneous": true
    },
    "locate-path": {
      "extraneous": true,
      "dependencies": {
        "path-exists": {
          "extraneous": true
        }
      }
    },
    "lodash": {
      "extraneous": true
    },
    "loud-rejection": {
      "extraneous": true
    },
    "lru-cache": {
      "extraneous": true
    },
    "map-obj": {
      "extraneous": true
    },
    "meow": {
      "extraneous": true
    },
    "mime-db": {
      "extraneous": true
    },
    "mime-types": {
      "extraneous": true
    },
    "minimatch": {
      "extraneous": true
    },
    "minimist": {
      "extraneous": true
    },
    "minipass": {
      "extraneous": true
    },
    "minizlib": {
      "extraneous": true
    },
    "mkdirp": {
      "extraneous": true
    },
    "nan": {
      "extraneous": true
    },
    "node-gyp": {
      "extraneous": true
    },
    "node-sass": {
      "dev": true
    },
    "nopt": {
      "extraneous": true
    },
    "normalize-package-data": {
      "extraneous": true,
      "dependencies": {
        "semver": {
          "extraneous": true
        }
      }
    },
    "npmlog": {
      "extraneous": true
    },
    "number-is-nan": {
      "extraneous": true
    },
    "oauth-sign": {
      "extraneous": true
    },
    "object-assign": {
      "extraneous": true
    },
    "once": {
      "extraneous": true
    },
    "p-limit": {
      "extraneous": true
    },
    "p-locate": {
      "extraneous": true
    },
    "p-try": {
      "extraneous": true
    },
    "parse-json": {
      "extraneous": true
    },
    "path-exists": {
      "extraneous": true
    },
    "path-is-absolute": {
      "extraneous": true
    },
    "path-key": {
      "extraneous": true
    },
    "path-parse": {
      "extraneous": true
    },
    "path-type": {
      "extraneous": true
    },
    "performance-now": {
      "extraneous": true
    },
    "pify": {
      "extraneous": true
    },
    "pinkie": {
      "extraneous": true
    },
    "pinkie-promise": {
      "extraneous": true
    },
    "process-nextick-args": {
      "extraneous": true
    },
    "psl": {
      "extraneous": true
    },
    "punycode": {
      "extraneous": true
    },
    "qs": {
      "extraneous": true
    },
    "read-pkg": {
      "extraneous": true
    },
    "read-pkg-up": {
      "extraneous": true
    },
    "readable-stream": {
      "extraneous": true
    },
    "redent": {
      "extraneous": true
    },
    "repeating": {
      "extraneous": true
    },
    "request": {
      "extraneous": true
    },
    "require-directory": {
      "extraneous": true
    },
    "require-main-filename": {
      "extraneous": true
    },
    "resolve": {
      "extraneous": true
    },
    "rimraf": {
      "extraneous": true
    },
    "safe-buffer": {
      "extraneous": true
    },
    "safer-buffer": {
      "extraneous": true
    },
    "sass-graph": {
      "extraneous": true
    },
    "scss-tokenizer": {
      "extraneous": true
    },
    "semver": {
      "extraneous": true
    },
    "set-blocking": {
      "extraneous": true
    },
    "shebang-command": {
      "extraneous": true
    },
    "shebang-regex": {
      "extraneous": true
    },
    "signal-exit": {
      "extraneous": true
    },
    "source-map": {
      "extraneous": true
    },
    "spdx-correct": {
      "extraneous": true
    },
    "spdx-exceptions": {
      "extraneous": true
    },
    "spdx-expression-parse": {
      "extraneous": true
    },
    "spdx-license-ids": {
      "extraneous": true
    },
    "sshpk": {
      "extraneous": true
    },
    "stdout-stream": {
      "extraneous": true
    },
    "string_decoder": {
      "extraneous": true
    },
    "string-width": {
      "extraneous": true
    },
    "strip-ansi": {
      "extraneous": true
    },
    "strip-bom": {
      "extraneous": true
    },
    "strip-indent": {
      "extraneous": true
    },
    "supports-color": {
      "extraneous": true
    },
    "tar": {
      "extraneous": true,
      "dependencies": {
        "mkdirp": {
          "extraneous": true
        }
      }
    },
    "tough-cookie": {
      "extraneous": true
    },
    "trim-newlines": {
      "extraneous": true
    },
    "true-case-path": {
      "extraneous": true
    },
    "tunnel-agent": {
      "extraneous": true
    },
    "tweetnacl": {
      "extraneous": true
    },
    "uri-js": {
      "extraneous": true
    },
    "util-deprecate": {
      "extraneous": true
    },
    "uuid": {
      "extraneous": true
    },
    "validate-npm-package-license": {
      "extraneous": true
    },
    "verror": {
      "extraneous": true
    },
    "which": {
      "extraneous": true
    },
    "which-module": {
      "extraneous": true
    },
    "wide-align": {
      "extraneous": true
    },
    "wrap-ansi": {
      "extraneous": true,
      "dependencies": {
        "ansi-regex": {
          "extraneous": true
        },
        "ansi-styles": {
          "extraneous": true
        },
        "is-fullwidth-code-point": {
          "extraneous": true
        },
        "string-width": {
          "extraneous": true
        },
        "strip-ansi": {
          "extraneous": true
        }
      }
    },
    "wrappy": {
      "extraneous": true
    },
    "y18n": {
      "extraneous": true
    },
    "yallist": {
      "extraneous": true
    },
    "yargs": {
      "extraneous": true,
      "dependencies": {
        "ansi-regex": {
          "extraneous": true
        },
        "find-up": {
          "extraneous": true
        },
        "is-fullwidth-code-point": {
          "extraneous": true
        },
        "string-width": {
          "extraneous": true
        },
        "strip-ansi": {
          "extraneous": true
        }
      }
    },
    "yargs-parser": {
      "extraneous": true,
      "dependencies": {
        "camelcase": {
          "extraneous": true
        }
      }
    }
  }
}
